Microsoft Visual Studio Solution File, Format Version 12.00
# Visual Studio Version 18
VisualStudioVersion = 18.0.11222.15
MinimumVisualStudioVersion = 10.0.40219.1
Project("{8BC9CEB8-8B4A-11D0-8D11-00A0C91BC942}") = "StudentGradesGui", "StudentGradesGui.vcxproj", "{57C4009A-EA30-4CB5-8902-9E0091580C6B}"
EndProject
Project("{930C7802-8A8C-48F9-8165-68863BCCD9DD}") = "Setup", "SetupProject1\Setup.wixproj", "{E446BF4A-CC3F-4603-90A4-D273A125523D}"
EndProject
Global
	GlobalSection(SolutionConfigurationPlatforms) = preSolution
		Debug|x64 = Debug|x64
		Debug|x86 = Debug|x86
		Release|x64 = Release|x64
		Release|x86 = Release|x86
	EndGlobalSection
	GlobalSection(ProjectConfigurationPlatforms) = postSolution
		{57C4009A-EA30-4CB5-8902-9E0091580C6B}.Debug|x64.ActiveCfg = Debug|x64
		{57C4009A-EA30-4CB5-8902-9E0091580C6B}.Debug|x64.Build.0 = Debug|x64
		{57C4009A-EA30-4CB5-8902-9E0091580C6B}.Debug|x86.ActiveCfg = Debug|x64
		{57C4009A-EA30-4CB5-8902-9E0091580C6B}.Debug|x86.Build.0 = Debug|x64
		{57C4009A-EA30-4CB5-8902-9E0091580C6B}.Release|x64.ActiveCfg = Release|x64
		{57C4009A-EA30-4CB5-8902-9E0091580C6B}.Release|x64.Build.0 = Release|x64
		{57C4009A-EA30-4CB5-8902-9E0091580C6B}.Release|x86.ActiveCfg = Release|x64
		{57C4009A-EA30-4CB5-8902-9E0091580C6B}.Release|x86.Build.0 = Release|x64
		{E446BF4A-CC3F-4603-90A4-D273A125523D}.Debug|x64.ActiveCfg = Debug|x86
		{E446BF4A-CC3F-4603-90A4-D273A125523D}.Debug|x64.Build.0 = Debug|x86
		{E446BF4A-CC3F-4603-90A4-D273A125523D}.Debug|x86.ActiveCfg = Debug|x86
		{E446BF4A-CC3F-4603-90A4-D273A125523D}.Debug|x86.Build.0 = Debug|x86
		{E446BF4A-CC3F-4603-90A4-D273A125523D}.Release|x64.ActiveCfg = Release|x86
		{E446BF4A-CC3F-4603-90A4-D273A125523D}.Release|x64.Build.0 = Release|x86
		{E446BF4A-CC3F-4603-90A4-D273A125523D}.Release|x86.ActiveCfg = Release|x86
		{E446BF4A-CC3F-4603-90A4-D273A125523D}.Release|x86.Build.0 = Release|x86
	EndGlobalSection
	GlobalSection(SolutionProperties) = preSolution
		HideSolutionNode = FALSE
	EndGlobalSection
	GlobalSection(ExtensibilityGlobals) = postSolution
		SolutionGuid = {10D930AC-262A-40CC-BEAA-B7BF765E7D06}
	EndGlobalSection
EndGlobal
