<?xml version="1.0" encoding="utf-8"?>
<Project ToolsVersion="4.0" xmlns="http://schemas.microsoft.com/developer/msbuild/2003">
  <ItemGroup>
    <Filter Include="Source Files">
      <UniqueIdentifier>{5221D299-D874-4E8A-B39A-5A504E0F2C22}</UniqueIdentifier>
      <Extensions>cpp;c;cc;cxx</Extensions>
    </Filter>
    <Filter Include="Header Files">
      <UniqueIdentifier>{6A73285E-71FC-4858-8945-09D13DDF479F}</UniqueIdentifier>
      <Extensions>h;hpp;hxx</Extensions>
    </Filter>
    <Filter Include="Resource Files">
      <UniqueIdentifier>{C26A9CD0-C67B-4447-A432-990D88FE4FE4}</UniqueIdentifier>
      <Extensions>rc;ico;cur;bmp;dlg</Extensions>
    </Filter>
  </ItemGroup>
  <ItemGroup>
    <ClCompile Include="src\FileGenerator.cpp"><Filter>Source Files</Filter></ClCompile>
    <ClCompile Include="src\Processor.cpp"><Filter>Source Files</Filter></ClCompile>
    <ClCompile Include="src\Timer.cpp"><Filter>Source Files</Filter></ClCompile>
    <ClCompile Include="src\Student.cpp"><Filter>Source Files</Filter></ClCompile>
    <ClCompile Include="src\gui_main.cpp"><Filter>Source Files</Filter></ClCompile>
  </ItemGroup>
  <ItemGroup>
    <ClInclude Include="src\FileGenerator.h"><Filter>Header Files</Filter></ClInclude>
    <ClInclude Include="src\Processor.h"><Filter>Header Files</Filter></ClInclude>
    <ClInclude Include="src\Timer.h"><Filter>Header Files</Filter></ClInclude>
    <ClInclude Include="src\Student.h"><Filter>Header Files</Filter></ClInclude>
    <ClInclude Include="src\resource.h"><Filter>Header Files</Filter></ClInclude>
  </ItemGroup>
  <ItemGroup>
    <ResourceCompile Include="src\StudentGradesGui.rc"><Filter>Resource Files</Filter></ResourceCompile>
  </ItemGroup>
</Project>
